
Microsoft Visual Studio Solution File, Format Version 12.00
# Visual Studio 2012
Project("{FAE04EC0-301F-11D3-BF4B-00C04F79EFBC}") = "Markovian_CSharp", "Markovian_CSharp\Markovian_CSharp.csproj", "{B48E0FBA-FEF2-4B8E-9A44-7D48706871DB}"
EndProject
Global
	GlobalSection(SolutionConfigurationPlatforms) = preSolution
		Debug|Any CPU = Debug|Any CPU
		Release|Any CPU = Release|Any CPU
	EndGlobalSection
	GlobalSection(ProjectConfigurationPlatforms) = postSolution
		{B48E0FBA-FEF2-4B8E-9A44-7D48706871DB}.Debug|Any CPU.ActiveCfg = Debug|Any CPU
		{B48E0FBA-FEF2-4B8E-9A44-7D48706871DB}.Debug|Any CPU.Build.0 = Debug|Any CPU
		{B48E0FBA-FEF2-4B8E-9A44-7D48706871DB}.Release|Any CPU.ActiveCfg = Release|Any CPU
		{B48E0FBA-FEF2-4B8E-9A44-7D48706871DB}.Release|Any CPU.Build.0 = Release|Any CPU
	EndGlobalSection
EndGlobal
